{
  "version": 4,
  "terraform_version": "1.5.7",
  "serial": 50,
  "lineage": "61cef336-f6e9-1057-c5ee-3dbea4d8ea72",
  "outputs": {},
  "resources": [
    {
      "module": "module.my_security_group",
      "mode": "data",
      "type": "aws_ssm_parameter",
      "name": "route_table_ids",
      "provider": "module.my_security_group.provider[\"registry.terraform.io/hashicorp/aws\"]",
      "instances": [
        {
          "schema_version": 0,
          "attributes": {
            "arn": "arn:aws:ssm:eu-north-1:221082206597:parameter/ironrim/eu-north-1/route_table_ids",
            "id": "/ironrim/eu-north-1/route_table_ids",
            "insecure_value": "rtb-084916b79325de580",
            "name": "/ironrim/eu-north-1/route_table_ids",
            "type": "String",
            "value": "rtb-084916b79325de580",
            "version": 1,
            "with_decryption": true
          },
          "sensitive_attributes": []
        }
      ]
    },
    {
      "module": "module.my_security_group",
      "mode": "data",
      "type": "aws_ssm_parameter",
      "name": "subnet_ids",
      "provider": "module.my_security_group.provider[\"registry.terraform.io/hashicorp/aws\"]",
      "instances": [
        {
          "schema_version": 0,
          "attributes": {
            "arn": "arn:aws:ssm:eu-north-1:221082206597:parameter/ironrim/eu-north-1/subnet_ids",
            "id": "/ironrim/eu-north-1/subnet_ids",
            "insecure_value": "subnet-04afc4903b90b9ba6",
            "name": "/ironrim/eu-north-1/subnet_ids",
            "type": "String",
            "value": "subnet-04afc4903b90b9ba6",
            "version": 1,
            "with_decryption": true
          },
          "sensitive_attributes": []
        }
      ]
    },
    {
      "module": "module.my_security_group",
      "mode": "data",
      "type": "aws_ssm_parameter",
      "name": "vpc_id",
      "provider": "module.my_security_group.provider[\"registry.terraform.io/hashicorp/aws\"]",
      "instances": [
        {
          "schema_version": 0,
          "attributes": {
            "arn": "arn:aws:ssm:eu-north-1:221082206597:parameter/ironrim/eu-north-1/vpc_id",
            "id": "/ironrim/eu-north-1/vpc_id",
            "insecure_value": "vpc-0ff7a8c481a69cbce",
            "name": "/ironrim/eu-north-1/vpc_id",
            "type": "String",
            "value": "vpc-0ff7a8c481a69cbce",
            "version": 1,
            "with_decryption": true
          },
          "sensitive_attributes": []
        }
      ]
    },
    {
      "module": "module.my_security_group",
      "mode": "managed",
      "type": "aws_security_group",
      "name": "aws_security_manual",
      "provider": "module.my_security_group.provider[\"registry.terraform.io/hashicorp/aws\"]",
      "instances": [
        {
          "schema_version": 1,
          "attributes": {
            "arn": "arn:aws:ec2:eu-north-1:221082206597:security-group/sg-07bddc31a740ea3b7",
            "description": "My security group for various applications",
            "egress": [
              {
                "cidr_blocks": [
                  "0.0.0.0/0"
                ],
                "description": "Allow all outbound traffic",
                "from_port": 0,
                "ipv6_cidr_blocks": [],
                "prefix_list_ids": [],
                "protocol": "-1",
                "security_groups": [],
                "self": false,
                "to_port": 0
              }
            ],
            "id": "sg-07bddc31a740ea3b7",
            "ingress": [
              {
                "cidr_blocks": [
                  "0.0.0.0/0"
                ],
                "description": "Custom ingress rule for port 2222",
                "from_port": 444,
                "ipv6_cidr_blocks": [],
                "prefix_list_ids": [],
                "protocol": "tcp",
                "security_groups": [],
                "self": false,
                "to_port": 444
              },
              {
                "cidr_blocks": [
                  "0.0.0.0/0"
                ],
                "description": "Custom ingress rule for port 888",
                "from_port": 333,
                "ipv6_cidr_blocks": [],
                "prefix_list_ids": [],
                "protocol": "tcp",
                "security_groups": [],
                "self": false,
                "to_port": 333
              },
              {
                "cidr_blocks": [
                  "10.0.0.0/8"
                ],
                "description": "Ingress rule for internal VPC access (port 222)",
                "from_port": 222,
                "ipv6_cidr_blocks": [],
                "prefix_list_ids": [],
                "protocol": "tcp",
                "security_groups": [],
                "self": false,
                "to_port": 222
              },
              {
                "cidr_blocks": [
                  "10.0.0.0/8"
                ],
                "description": "Ingress rule for network access (port 111)",
                "from_port": 111,
                "ipv6_cidr_blocks": [],
                "prefix_list_ids": [],
                "protocol": "tcp",
                "security_groups": [],
                "self": false,
                "to_port": 111
              }
            ],
            "name": "my-security-group99",
            "name_prefix": "",
            "owner_id": "221082206597",
            "revoke_rules_on_delete": false,
            "tags": {},
            "tags_all": {},
            "timeouts": null,
            "vpc_id": "vpc-0ff7a8c481a69cbce"
          },
          "sensitive_attributes": [
            [
              {
                "type": "get_attr",
                "value": "vpc_id"
              }
            ]
          ],
          "private": "eyJlMmJmYjczMC1lY2FhLTExZTYtOGY4OC0zNDM2M2JjN2M0YzAiOnsiY3JlYXRlIjo2MDAwMDAwMDAwMDAsImRlbGV0ZSI6OTAwMDAwMDAwMDAwfSwic2NoZW1hX3ZlcnNpb24iOiIxIn0=",
          "dependencies": [
            "module.my_security_group.data.aws_ssm_parameter.vpc_id"
          ]
        }
      ]
    },
    {
      "module": "module.my_security_group",
      "mode": "managed",
      "type": "aws_vpc_endpoint",
      "name": "api_gateway",
      "provider": "module.my_security_group.provider[\"registry.terraform.io/hashicorp/aws\"]",
      "instances": [
        {
          "schema_version": 0,
          "attributes": {
            "arn": "arn:aws:ec2:eu-north-1:221082206597:vpc-endpoint/vpce-0c49efdb4c9e38554",
            "auto_accept": null,
            "cidr_blocks": [],
            "dns_entry": [
              {
                "dns_name": "vpce-0c49efdb4c9e38554-33gs99wh.execute-api.eu-north-1.vpce.amazonaws.com",
                "hosted_zone_id": "Z3OWWK6JFDEDGC"
              },
              {
                "dns_name": "vpce-0c49efdb4c9e38554-33gs99wh-eu-north-1a.execute-api.eu-north-1.vpce.amazonaws.com",
                "hosted_zone_id": "Z3OWWK6JFDEDGC"
              }
            ],
            "dns_options": [
              {
                "dns_record_ip_type": "ipv4",
                "private_dns_only_for_inbound_resolver_endpoint": false
              }
            ],
            "id": "vpce-0c49efdb4c9e38554",
            "ip_address_type": "ipv4",
            "network_interface_ids": [
              "eni-0f8975827b51e04a2"
            ],
            "owner_id": "221082206597",
            "policy": "{\"Statement\":[{\"Action\":\"*\",\"Effect\":\"Allow\",\"Principal\":\"*\",\"Resource\":\"*\"}]}",
            "prefix_list_id": null,
            "private_dns_enabled": false,
            "requester_managed": false,
            "route_table_ids": [],
            "security_group_ids": [
              "sg-07bddc31a740ea3b7"
            ],
            "service_name": "com.amazonaws.eu-north-1.execute-api",
            "state": "available",
            "subnet_configuration": [
              {
                "ipv4": "10.0.0.5",
                "ipv6": "",
                "subnet_id": "subnet-04afc4903b90b9ba6"
              }
            ],
            "subnet_ids": [
              "subnet-04afc4903b90b9ba6"
            ],
            "tags": {
              "Name": "API Gateway VPC Endpoint"
            },
            "tags_all": {
              "Name": "API Gateway VPC Endpoint"
            },
            "timeouts": null,
            "vpc_endpoint_type": "Interface",
            "vpc_id": "vpc-0ff7a8c481a69cbce"
          },
          "sensitive_attributes": [
            [
              {
                "type": "get_attr",
                "value": "subnet_ids"
              }
            ],
            [
              {
                "type": "get_attr",
                "value": "vpc_id"
              }
            ]
          ],
          "private": "eyJlMmJmYjczMC1lY2FhLTExZTYtOGY4OC0zNDM2M2JjN2M0YzAiOnsiY3JlYXRlIjo2MDAwMDAwMDAwMDAsImRlbGV0ZSI6NjAwMDAwMDAwMDAwLCJ1cGRhdGUiOjYwMDAwMDAwMDAwMH19",
          "dependencies": [
            "module.my_security_group.aws_security_group.aws_security_manual",
            "module.my_security_group.data.aws_ssm_parameter.subnet_ids",
            "module.my_security_group.data.aws_ssm_parameter.vpc_id"
          ]
        }
      ]
    },
    {
      "module": "module.my_security_group",
      "mode": "managed",
      "type": "aws_vpc_endpoint",
      "name": "dynamodb_gateway",
      "provider": "module.my_security_group.provider[\"registry.terraform.io/hashicorp/aws\"]",
      "instances": [
        {
          "index_key": 0,
          "schema_version": 0,
          "attributes": {
            "arn": "arn:aws:ec2:eu-north-1:221082206597:vpc-endpoint/vpce-066ad404c6075e88d",
            "auto_accept": null,
            "cidr_blocks": [
              "52.94.23.0/24",
              "35.71.98.128/26",
              "35.71.98.0/25"
            ],
            "dns_entry": [],
            "dns_options": [],
            "id": "vpce-066ad404c6075e88d",
            "ip_address_type": "",
            "network_interface_ids": [],
            "owner_id": "221082206597",
            "policy": "{\"Statement\":[{\"Action\":\"*\",\"Effect\":\"Allow\",\"Principal\":\"*\",\"Resource\":\"*\"}],\"Version\":\"2008-10-17\"}",
            "prefix_list_id": "pl-adae4bc4",
            "private_dns_enabled": false,
            "requester_managed": false,
            "route_table_ids": [
              "rtb-084916b79325de580"
            ],
            "security_group_ids": [],
            "service_name": "com.amazonaws.eu-north-1.dynamodb",
            "state": "available",
            "subnet_configuration": [],
            "subnet_ids": [],
            "tags": {
              "Name": "DynamoDB Gateway Endpoint"
            },
            "tags_all": {
              "Name": "DynamoDB Gateway Endpoint"
            },
            "timeouts": null,
            "vpc_endpoint_type": "Gateway",
            "vpc_id": "vpc-0ff7a8c481a69cbce"
          },
          "sensitive_attributes": [
            [
              {
                "type": "get_attr",
                "value": "vpc_id"
              }
            ],
            [
              {
                "type": "get_attr",
                "value": "route_table_ids"
              }
            ]
          ],
          "private": "eyJlMmJmYjczMC1lY2FhLTExZTYtOGY4OC0zNDM2M2JjN2M0YzAiOnsiY3JlYXRlIjo2MDAwMDAwMDAwMDAsImRlbGV0ZSI6NjAwMDAwMDAwMDAwLCJ1cGRhdGUiOjYwMDAwMDAwMDAwMH19",
          "dependencies": [
            "module.my_security_group.data.aws_ssm_parameter.route_table_ids",
            "module.my_security_group.data.aws_ssm_parameter.vpc_id"
          ]
        }
      ]
    },
    {
      "module": "module.my_security_group",
      "mode": "managed",
      "type": "aws_vpc_endpoint",
      "name": "logs",
      "provider": "module.my_security_group.provider[\"registry.terraform.io/hashicorp/aws\"]",
      "instances": [
        {
          "schema_version": 0,
          "attributes": {
            "arn": "arn:aws:ec2:eu-north-1:221082206597:vpc-endpoint/vpce-07bbcdbf11d54da5a",
            "auto_accept": null,
            "cidr_blocks": [],
            "dns_entry": [
              {
                "dns_name": "vpce-07bbcdbf11d54da5a-3obwll28.logs.eu-north-1.vpce.amazonaws.com",
                "hosted_zone_id": "Z3OWWK6JFDEDGC"
              },
              {
                "dns_name": "vpce-07bbcdbf11d54da5a-3obwll28-eu-north-1a.logs.eu-north-1.vpce.amazonaws.com",
                "hosted_zone_id": "Z3OWWK6JFDEDGC"
              }
            ],
            "dns_options": [
              {
                "dns_record_ip_type": "ipv4",
                "private_dns_only_for_inbound_resolver_endpoint": false
              }
            ],
            "id": "vpce-07bbcdbf11d54da5a",
            "ip_address_type": "ipv4",
            "network_interface_ids": [
              "eni-0489072d457993fd1"
            ],
            "owner_id": "221082206597",
            "policy": "{\"Statement\":[{\"Action\":\"*\",\"Effect\":\"Allow\",\"Principal\":\"*\",\"Resource\":\"*\"}]}",
            "prefix_list_id": null,
            "private_dns_enabled": false,
            "requester_managed": false,
            "route_table_ids": [],
            "security_group_ids": [
              "sg-07bddc31a740ea3b7"
            ],
            "service_name": "com.amazonaws.eu-north-1.logs",
            "state": "available",
            "subnet_configuration": [
              {
                "ipv4": "10.0.0.22",
                "ipv6": "",
                "subnet_id": "subnet-04afc4903b90b9ba6"
              }
            ],
            "subnet_ids": [
              "subnet-04afc4903b90b9ba6"
            ],
            "tags": {
              "Name": "Logs VPC Endpoint"
            },
            "tags_all": {
              "Name": "Logs VPC Endpoint"
            },
            "timeouts": null,
            "vpc_endpoint_type": "Interface",
            "vpc_id": "vpc-0ff7a8c481a69cbce"
          },
          "sensitive_attributes": [
            [
              {
                "type": "get_attr",
                "value": "subnet_ids"
              }
            ],
            [
              {
                "type": "get_attr",
                "value": "vpc_id"
              }
            ]
          ],
          "private": "eyJlMmJmYjczMC1lY2FhLTExZTYtOGY4OC0zNDM2M2JjN2M0YzAiOnsiY3JlYXRlIjo2MDAwMDAwMDAwMDAsImRlbGV0ZSI6NjAwMDAwMDAwMDAwLCJ1cGRhdGUiOjYwMDAwMDAwMDAwMH19",
          "dependencies": [
            "module.my_security_group.aws_security_group.aws_security_manual",
            "module.my_security_group.data.aws_ssm_parameter.subnet_ids",
            "module.my_security_group.data.aws_ssm_parameter.vpc_id"
          ]
        }
      ]
    },
    {
      "module": "module.my_security_group",
      "mode": "managed",
      "type": "aws_vpc_endpoint",
      "name": "s3_gateway",
      "provider": "module.my_security_group.provider[\"registry.terraform.io/hashicorp/aws\"]",
      "instances": [
        {
          "index_key": 0,
          "schema_version": 0,
          "attributes": {
            "arn": "arn:aws:ec2:eu-north-1:221082206597:vpc-endpoint/vpce-08480c9815351026c",
            "auto_accept": null,
            "cidr_blocks": [
              "52.95.170.0/23",
              "3.5.216.0/22",
              "52.95.169.0/24",
              "16.12.10.0/23",
              "16.12.9.0/24"
            ],
            "dns_entry": [],
            "dns_options": [],
            "id": "vpce-08480c9815351026c",
            "ip_address_type": "",
            "network_interface_ids": [],
            "owner_id": "221082206597",
            "policy": "{\"Statement\":[{\"Action\":\"*\",\"Effect\":\"Allow\",\"Principal\":\"*\",\"Resource\":\"*\"}],\"Version\":\"2008-10-17\"}",
            "prefix_list_id": "pl-c3aa4faa",
            "private_dns_enabled": false,
            "requester_managed": false,
            "route_table_ids": [
              "rtb-084916b79325de580"
            ],
            "security_group_ids": [],
            "service_name": "com.amazonaws.eu-north-1.s3",
            "state": "available",
            "subnet_configuration": [],
            "subnet_ids": [],
            "tags": {
              "Name": "S3 Gateway Endpoint"
            },
            "tags_all": {
              "Name": "S3 Gateway Endpoint"
            },
            "timeouts": null,
            "vpc_endpoint_type": "Gateway",
            "vpc_id": "vpc-0ff7a8c481a69cbce"
          },
          "sensitive_attributes": [
            [
              {
                "type": "get_attr",
                "value": "route_table_ids"
              }
            ],
            [
              {
                "type": "get_attr",
                "value": "vpc_id"
              }
            ]
          ],
          "private": "eyJlMmJmYjczMC1lY2FhLTExZTYtOGY4OC0zNDM2M2JjN2M0YzAiOnsiY3JlYXRlIjo2MDAwMDAwMDAwMDAsImRlbGV0ZSI6NjAwMDAwMDAwMDAwLCJ1cGRhdGUiOjYwMDAwMDAwMDAwMH19",
          "dependencies": [
            "module.my_security_group.data.aws_ssm_parameter.route_table_ids",
            "module.my_security_group.data.aws_ssm_parameter.vpc_id"
          ]
        }
      ]
    }
  ],
  "check_results": null
}
